
Microsoft Visual Studio Solution File, Format Version 12.00
# Visual Studio 14
VisualStudioVersion = 14.0.25420.1
MinimumVisualStudioVersion = 10.0.40219.1
Project("{FAE04EC0-301F-11D3-BF4B-00C04F79EFBC}") = "CompareAST", "CompareAST\CompareAST.csproj", "{FF100535-86C5-4F10-97DF-FB63AE1D8110}"
EndProject
Project("{FAE04EC0-301F-11D3-BF4B-00C04F79EFBC}") = "UI", "UI\UI.csproj", "{62D6D6FB-65F5-4F3F-AC5B-1069B5459C2E}"
EndProject
Global
	GlobalSection(SolutionConfigurationPlatforms) = preSolution
		Debug|Any CPU = Debug|Any CPU
		Release|Any CPU = Release|Any CPU
	EndGlobalSection
	GlobalSection(ProjectConfigurationPlatforms) = postSolution
		{FF100535-86C5-4F10-97DF-FB63AE1D8110}.Debug|Any CPU.ActiveCfg = Debug|Any CPU
		{FF100535-86C5-4F10-97DF-FB63AE1D8110}.Debug|Any CPU.Build.0 = Debug|Any CPU
		{FF100535-86C5-4F10-97DF-FB63AE1D8110}.Release|Any CPU.ActiveCfg = Release|Any CPU
		{FF100535-86C5-4F10-97DF-FB63AE1D8110}.Release|Any CPU.Build.0 = Release|Any CPU
		{62D6D6FB-65F5-4F3F-AC5B-1069B5459C2E}.Debug|Any CPU.ActiveCfg = Debug|Any CPU
		{62D6D6FB-65F5-4F3F-AC5B-1069B5459C2E}.Debug|Any CPU.Build.0 = Debug|Any CPU
		{62D6D6FB-65F5-4F3F-AC5B-1069B5459C2E}.Release|Any CPU.ActiveCfg = Release|Any CPU
		{62D6D6FB-65F5-4F3F-AC5B-1069B5459C2E}.Release|Any CPU.Build.0 = Release|Any CPU
	EndGlobalSection
	GlobalSection(SolutionProperties) = preSolution
		HideSolutionNode = FALSE
	EndGlobalSection
EndGlobal
